// !$*UTF8*$!
{
	archiveVersion = 1;
	classes = {
	};
	objectVersion = 50;
	objects = {

/* Begin PBXBuildFile section */
		04BC353822E84B75000DEFBD /* AppDelegate.m in Sources */ = {isa = PBXBuildFile; fileRef = 04BC353722E84B75000DEFBD /* AppDelegate.m */; };
		04BC353B22E84B75000DEFBD /* ViewController.m in Sources */ = {isa = PBXBuildFile; fileRef = 04BC353A22E84B75000DEFBD /* ViewController.m */; };
		04BC353E22E84B75000DEFBD /* Main.storyboard in Resources */ = {isa = PBXBuildFile; fileRef = 04BC353C22E84B75000DEFBD /* Main.storyboard */; };
		04BC354022E84B77000DEFBD /* Assets.xcassets in Resources */ = {isa = PBXBuildFile; fileRef = 04BC353F22E84B77000DEFBD /* Assets.xcassets */; };
		04BC354322E84B77000DEFBD /* LaunchScreen.storyboard in Resources */ = {isa = PBXBuildFile; fileRef = 04BC354122E84B77000DEFBD /* LaunchScreen.storyboard */; };
		04BC354622E84B77000DEFBD /* main.m in Sources */ = {isa = PBXBuildFile; fileRef = 04BC354522E84B77000DEFBD /* main.m */; };
		04BC355022E84B77000DEFBD /* RealmDemoTests.m in Sources */ = {isa = PBXBuildFile; fileRef = 04BC354F22E84B77000DEFBD /* RealmDemoTests.m */; };
		04BC355B22E84B77000DEFBD /* RealmDemoUITests.m in Sources */ = {isa = PBXBuildFile; fileRef = 04BC355A22E84B77000DEFBD /* RealmDemoUITests.m */; };
		04BC356A22E84BF4000DEFBD /* PersonModel.m in Sources */ = {isa = PBXBuildFile; fileRef = 04BC356922E84BF4000DEFBD /* PersonModel.m */; };
		04BC356D22E84D03000DEFBD /* DogModel.m in Sources */ = {isa = PBXBuildFile; fileRef = 04BC356C22E84D03000DEFBD /* DogModel.m */; };
		B97BC2400D13D01DAEA7A11E /* libPods-RealmDemo.a in Frameworks */ = {isa = PBXBuildFile; fileRef = D0BA9C4C6DADD21E4F9256F4 /* libPods-RealmDemo.a */; };
/* End PBXBuildFile section */

/* Begin PBXContainerItemProxy section */
		04BC354C22E84B77000DEFBD /* PBXContainerItemProxy */ = {
			isa = PBXContainerItemProxy;
			containerPortal = 04BC352B22E84B75000DEFBD /* Project object */;
			proxyType = 1;
			remoteGlobalIDString = 04BC353222E84B75000DEFBD;
			remoteInfo = RealmDemo;
		};
		04BC355722E84B77000DEFBD /* PBXContainerItemProxy */ = {
			isa = PBXContainerItemProxy;
			containerPortal = 04BC352B22E84B75000DEFBD /* Project object */;
			proxyType = 1;
			remoteGlobalIDString = 04BC353222E84B75000DEFBD;
			remoteInfo = RealmDemo;
		};
/* End PBXContainerItemProxy section */

/* Begin PBXFileReference section */
		04BC353322E84B75000DEFBD /* RealmDemo.app */ = {isa = PBXFileReference; explicitFileType = wrapper.application; includeInIndex = 0; path = RealmDemo.app; sourceTree = BUILT_PRODUCTS_DIR; };
		04BC353622E84B75000DEFBD /* AppDelegate.h */ = {isa = PBXFileReference; lastKnownFileType = sourcecode.c.h; path = AppDelegate.h; sourceTree = "<group>"; };
		04BC353722E84B75000DEFBD /* AppDelegate.m */ = {isa = PBXFileReference; lastKnownFileType = sourcecode.c.objc; path = AppDelegate.m; sourceTree = "<group>"; };
		04BC353922E84B75000DEFBD /* ViewController.h */ = {isa = PBXFileReference; lastKnownFileType = sourcecode.c.h; path = ViewController.h; sourceTree = "<group>"; };
		04BC353A22E84B75000DEFBD /* ViewController.m */ = {isa = PBXFileReference; lastKnownFileType = sourcecode.c.objc; path = ViewController.m; sourceTree = "<group>"; };
		04BC353D22E84B75000DEFBD /* Base */ = {isa = PBXFileReference; lastKnownFileType = file.storyboard; name = Base; path = Base.lproj/Main.storyboard; sourceTree = "<group>"; };
		04BC353F22E84B77000DEFBD /* Assets.xcassets */ = {isa = PBXFileReference; lastKnownFileType = folder.assetcatalog; path = Assets.xcassets; sourceTree = "<group>"; };
		04BC354222E84B77000DEFBD /* Base */ = {isa = PBXFileReference; lastKnownFileType = file.storyboard; name = Base; path = Base.lproj/LaunchScreen.storyboard; sourceTree = "<group>"; };
		04BC354422E84B77000DEFBD /* Info.plist */ = {isa = PBXFileReference; lastKnownFileType = text.plist.xml; path = Info.plist; sourceTree = "<group>"; };
		04BC354522E84B77000DEFBD /* main.m */ = {isa = PBXFileReference; lastKnownFileType = sourcecode.c.objc; path = main.m; sourceTree = "<group>"; };
		04BC354B22E84B77000DEFBD /* RealmDemoTests.xctest */ = {isa = PBXFileReference; explicitFileType = wrapper.cfbundle; includeInIndex = 0; path = RealmDemoTests.xctest; sourceTree = BUILT_PRODUCTS_DIR; };
		04BC354F22E84B77000DEFBD /* RealmDemoTests.m */ = {isa = PBXFileReference; lastKnownFileType = sourcecode.c.objc; path = RealmDemoTests.m; sourceTree = "<group>"; };
		04BC355122E84B77000DEFBD /* Info.plist */ = {isa = PBXFileReference; lastKnownFileType = text.plist.xml; path = Info.plist; sourceTree = "<group>"; };
		04BC355622E84B77000DEFBD /* RealmDemoUITests.xctest */ = {isa = PBXFileReference; explicitFileType = wrapper.cfbundle; includeInIndex = 0; path = RealmDemoUITests.xctest; sourceTree = BUILT_PRODUCTS_DIR; };
		04BC355A22E84B77000DEFBD /* RealmDemoUITests.m */ = {isa = PBXFileReference; lastKnownFileType = sourcecode.c.objc; path = RealmDemoUITests.m; sourceTree = "<group>"; };
		04BC355C22E84B77000DEFBD /* Info.plist */ = {isa = PBXFileReference; lastKnownFileType = text.plist.xml; path = Info.plist; sourceTree = "<group>"; };
		04BC356822E84BF4000DEFBD /* PersonModel.h */ = {isa = PBXFileReference; lastKnownFileType = sourcecode.c.h; path = PersonModel.h; sourceTree = "<group>"; };
		04BC356922E84BF4000DEFBD /* PersonModel.m */ = {isa = PBXFileReference; lastKnownFileType = sourcecode.c.objc; path = PersonModel.m; sourceTree = "<group>"; };
		04BC356B22E84D03000DEFBD /* DogModel.h */ = {isa = PBXFileReference; lastKnownFileType = sourcecode.c.h; path = DogModel.h; sourceTree = "<group>"; };
		04BC356C22E84D03000DEFBD /* DogModel.m */ = {isa = PBXFileReference; lastKnownFileType = sourcecode.c.objc; path = DogModel.m; sourceTree = "<group>"; };
		2DB8BD086DA84FEC4C8C44DB /* Pods-RealmDemo.debug.xcconfig */ = {isa = PBXFileReference; includeInIndex = 1; lastKnownFileType = text.xcconfig; name = "Pods-RealmDemo.debug.xcconfig"; path = "Target Support Files/Pods-RealmDemo/Pods-RealmDemo.debug.xcconfig"; sourceTree = "<group>"; };
		55867099399296A2F55DE73F /* Pods-RealmDemo.release.xcconfig */ = {isa = PBXFileReference; includeInIndex = 1; lastKnownFileType = text.xcconfig; name = "Pods-RealmDemo.release.xcconfig"; path = "Target Support Files/Pods-RealmDemo/Pods-RealmDemo.release.xcconfig"; sourceTree = "<group>"; };
		D0BA9C4C6DADD21E4F9256F4 /* libPods-RealmDemo.a */ = {isa = PBXFileReference; explicitFileType = archive.ar; includeInIndex = 0; path = "libPods-RealmDemo.a"; sourceTree = BUILT_PRODUCTS_DIR; };
/* End PBXFileReference section */

/* Begin PBXFrameworksBuildPhase section */
		04BC353022E84B75000DEFBD /* Frameworks */ = {
			isa = PBXFrameworksBuildPhase;
			buildActionMask = 2147483647;
			files = (
				B97BC2400D13D01DAEA7A11E /* libPods-RealmDemo.a in Frameworks */,
			);
			runOnlyForDeploymentPostprocessing = 0;
		};
		04BC354822E84B77000DEFBD /* Frameworks */ = {
			isa = PBXFrameworksBuildPhase;
			buildActionMask = 2147483647;
			files = (
			);
			runOnlyForDeploymentPostprocessing = 0;
		};
		04BC355322E84B77000DEFBD /* Frameworks */ = {
			isa = PBXFrameworksBuildPhase;
			buildActionMask = 2147483647;
			files = (
			);
			runOnlyForDeploymentPostprocessing = 0;
		};
/* End PBXFrameworksBuildPhase section */

/* Begin PBXGroup section */
		04BC352A22E84B75000DEFBD = {
			isa = PBXGroup;
			children = (
				04BC353522E84B75000DEFBD /* RealmDemo */,
				04BC354E22E84B77000DEFBD /* RealmDemoTests */,
				04BC355922E84B77000DEFBD /* RealmDemoUITests */,
				04BC353422E84B75000DEFBD /* Products */,
				48805F6A295F95CC7E604719 /* Pods */,
				E6E685379D810DF51A84ECE8 /* Frameworks */,
			);
			sourceTree = "<group>";
		};
		04BC353422E84B75000DEFBD /* Products */ = {
			isa = PBXGroup;
			children = (
				04BC353322E84B75000DEFBD /* RealmDemo.app */,
				04BC354B22E84B77000DEFBD /* RealmDemoTests.xctest */,
				04BC355622E84B77000DEFBD /* RealmDemoUITests.xctest */,
			);
			name = Products;
			sourceTree = "<group>";
		};
		04BC353522E84B75000DEFBD /* RealmDemo */ = {
			isa = PBXGroup;
			children = (
				04BC353622E84B75000DEFBD /* AppDelegate.h */,
				04BC353722E84B75000DEFBD /* AppDelegate.m */,
				04BC353922E84B75000DEFBD /* ViewController.h */,
				04BC353A22E84B75000DEFBD /* ViewController.m */,
				04BC353C22E84B75000DEFBD /* Main.storyboard */,
				04BC353F22E84B77000DEFBD /* Assets.xcassets */,
				04BC354122E84B77000DEFBD /* LaunchScreen.storyboard */,
				04BC354422E84B77000DEFBD /* Info.plist */,
				04BC354522E84B77000DEFBD /* main.m */,
				04BC356822E84BF4000DEFBD /* PersonModel.h */,
				04BC356922E84BF4000DEFBD /* PersonModel.m */,
				04BC356B22E84D03000DEFBD /* DogModel.h */,
				04BC356C22E84D03000DEFBD /* DogModel.m */,
			);
			path = RealmDemo;
			sourceTree = "<group>";
		};
		04BC354E22E84B77000DEFBD /* RealmDemoTests */ = {
			isa = PBXGroup;
			children = (
				04BC354F22E84B77000DEFBD /* RealmDemoTests.m */,
				04BC355122E84B77000DEFBD /* Info.plist */,
			);
			path = RealmDemoTests;
			sourceTree = "<group>";
		};
		04BC355922E84B77000DEFBD /* RealmDemoUITests */ = {
			isa = PBXGroup;
			children = (
				04BC355A22E84B77000DEFBD /* RealmDemoUITests.m */,
				04BC355C22E84B77000DEFBD /* Info.plist */,
			);
			path = RealmDemoUITests;
			sourceTree = "<group>";
		};
		48805F6A295F95CC7E604719 /* Pods */ = {
			isa = PBXGroup;
			children = (
				2DB8BD086DA84FEC4C8C44DB /* Pods-RealmDemo.debug.xcconfig */,
				55867099399296A2F55DE73F /* Pods-RealmDemo.release.xcconfig */,
			);
			path = Pods;
			sourceTree = "<group>";
		};
		E6E685379D810DF51A84ECE8 /* Frameworks */ = {
			isa = PBXGroup;
			children = (
				D0BA9C4C6DADD21E4F9256F4 /* libPods-RealmDemo.a */,
			);
			name = Frameworks;
			sourceTree = "<group>";
		};
/* End PBXGroup section */

/* Begin PBXNativeTarget section */
		04BC353222E84B75000DEFBD /* RealmDemo */ = {
			isa = PBXNativeTarget;
			buildConfigurationList = 04BC355F22E84B77000DEFBD /* Build configuration list for PBXNativeTarget "RealmDemo" */;
			buildPhases = (
				CF366B8DF264686AD30CB6EB /* [CP] Check Pods Manifest.lock */,
				04BC352F22E84B75000DEFBD /* Sources */,
				04BC353022E84B75000DEFBD /* Frameworks */,
				04BC353122E84B75000DEFBD /* Resources */,
			);
			buildRules = (
			);
			dependencies = (
			);
			name = RealmDemo;
			productName = RealmDemo;
			productReference = 04BC353322E84B75000DEFBD /* RealmDemo.app */;
			productType = "com.apple.product-type.application";
		};
		04BC354A22E84B77000DEFBD /* RealmDemoTests */ = {
			isa = PBXNativeTarget;
			buildConfigurationList = 04BC356222E84B77000DEFBD /* Build configuration list for PBXNativeTarget "RealmDemoTests" */;
			buildPhases = (
				04BC354722E84B77000DEFBD /* Sources */,
				04BC354822E84B77000DEFBD /* Frameworks */,
				04BC354922E84B77000DEFBD /* Resources */,
			);
			buildRules = (
			);
			dependencies = (
				04BC354D22E84B77000DEFBD /* PBXTargetDependency */,
			);
			name = RealmDemoTests;
			productName = RealmDemoTests;
			productReference = 04BC354B22E84B77000DEFBD /* RealmDemoTests.xctest */;
			productType = "com.apple.product-type.bundle.unit-test";
		};
		04BC355522E84B77000DEFBD /* RealmDemoUITests */ = {
			isa = PBXNativeTarget;
			buildConfigurationList = 04BC356522E84B77000DEFBD /* Build configuration list for PBXNativeTarget "RealmDemoUITests" */;
			buildPhases = (
				04BC355222E84B77000DEFBD /* Sources */,
				04BC355322E84B77000DEFBD /* Frameworks */,
				04BC355422E84B77000DEFBD /* Resources */,
			);
			buildRules = (
			);
			dependencies = (
				04BC355822E84B77000DEFBD /* PBXTargetDependency */,
			);
			name = RealmDemoUITests;
			productName = RealmDemoUITests;
			productReference = 04BC355622E84B77000DEFBD /* RealmDemoUITests.xctest */;
			productType = "com.apple.product-type.bundle.ui-testing";
		};
/* End PBXNativeTarget section */

/* Begin PBXProject section */
		04BC352B22E84B75000DEFBD /* Project object */ = {
			isa = PBXProject;
			attributes = {
				LastUpgradeCheck = 1020;
				ORGANIZATIONNAME = mm;
				TargetAttributes = {
					04BC353222E84B75000DEFBD = {
						CreatedOnToolsVersion = 10.2;
					};
					04BC354A22E84B77000DEFBD = {
						CreatedOnToolsVersion = 10.2;
						TestTargetID = 04BC353222E84B75000DEFBD;
					};
					04BC355522E84B77000DEFBD = {
						CreatedOnToolsVersion = 10.2;
						TestTargetID = 04BC353222E84B75000DEFBD;
					};
				};
			};
			buildConfigurationList = 04BC352E22E84B75000DEFBD /* Build configuration list for PBXProject "RealmDemo" */;
			compatibilityVersion = "Xcode 9.3";
			developmentRegion = en;
			hasScannedForEncodings = 0;
			knownRegions = (
				en,
				Base,
			);
			mainGroup = 04BC352A22E84B75000DEFBD;
			productRefGroup = 04BC353422E84B75000DEFBD /* Products */;
			projectDirPath = "";
			projectRoot = "";
			targets = (
				04BC353222E84B75000DEFBD /* RealmDemo */,
				04BC354A22E84B77000DEFBD /* RealmDemoTests */,
				04BC355522E84B77000DEFBD /* RealmDemoUITests */,
			);
		};
/* End PBXProject section */

/* Begin PBXResourcesBuildPhase section */
		04BC353122E84B75000DEFBD /* Resources */ = {
			isa = PBXResourcesBuildPhase;
			buildActionMask = 2147483647;
			files = (
				04BC354322E84B77000DEFBD /* LaunchScreen.storyboard in Resources */,
				04BC354022E84B77000DEFBD /* Assets.xcassets in Resources */,
				04BC353E22E84B75000DEFBD /* Main.storyboard in Resources */,
			);
			runOnlyForDeploymentPostprocessing = 0;
		};
		04BC354922E84B77000DEFBD /* Resources */ = {
			isa = PBXResourcesBuildPhase;
			buildActionMask = 2147483647;
			files = (
			);
			runOnlyForDeploymentPostprocessing = 0;
		};
		04BC355422E84B77000DEFBD /* Resources */ = {
			isa = PBXResourcesBuildPhase;
			buildActionMask = 2147483647;
			files = (
			);
			runOnlyForDeploymentPostprocessing = 0;
		};
/* End PBXResourcesBuildPhase section */

/* Begin PBXShellScriptBuildPhase section */
		CF366B8DF264686AD30CB6EB /* [CP] Check Pods Manifest.lock */ = {
			isa = PBXShellScriptBuildPhase;
			buildActionMask = 2147483647;
			files = (
			);
			inputFileListPaths = (
			);
			inputPaths = (
				"${PODS_PODFILE_DIR_PATH}/Podfile.lock",
				"${PODS_ROOT}/Manifest.lock",
			);
			name = "[CP] Check Pods Manifest.lock";
			outputFileListPaths = (
			);
			outputPaths = (
				"$(DERIVED_FILE_DIR)/Pods-RealmDemo-checkManifestLockResult.txt",
			);
			runOnlyForDeploymentPostprocessing = 0;
			shellPath = /bin/sh;
			shellScript = "diff \"${PODS_PODFILE_DIR_PATH}/Podfile.lock\" \"${PODS_ROOT}/Manifest.lock\" > /dev/null\nif [ $? != 0 ] ; then\n    # print error to STDERR\n    echo \"error: The sandbox is not in sync with the Podfile.lock. Run 'pod install' or update your CocoaPods installation.\" >&2\n    exit 1\nfi\n# This output is used by Xcode 'outputs' to avoid re-running this script phase.\necho \"SUCCESS\" > \"${SCRIPT_OUTPUT_FILE_0}\"\n";
			showEnvVarsInLog = 0;
		};
/* End PBXShellScriptBuildPhase section */

/* Begin PBXSourcesBuildPhase section */
		04BC352F22E84B75000DEFBD /* Sources */ = {
			isa = PBXSourcesBuildPhase;
			buildActionMask = 2147483647;
			files = (
				04BC356A22E84BF4000DEFBD /* PersonModel.m in Sources */,
				04BC353B22E84B75000DEFBD /* ViewController.m in Sources */,
				04BC354622E84B77000DEFBD /* main.m in Sources */,
				04BC356D22E84D03000DEFBD /* DogModel.m in Sources */,
				04BC353822E84B75000DEFBD /* AppDelegate.m in Sources */,
			);
			runOnlyForDeploymentPostprocessing = 0;
		};
		04BC354722E84B77000DEFBD /* Sources */ = {
			isa = PBXSourcesBuildPhase;
			buildActionMask = 2147483647;
			files = (
				04BC355022E84B77000DEFBD /* RealmDemoTests.m in Sources */,
			);
			runOnlyForDeploymentPostprocessing = 0;
		};
		04BC355222E84B77000DEFBD /* Sources */ = {
			isa = PBXSourcesBuildPhase;
			buildActionMask = 2147483647;
			files = (
				04BC355B22E84B77000DEFBD /* RealmDemoUITests.m in Sources */,
			);
			runOnlyForDeploymentPostprocessing = 0;
		};
/* End PBXSourcesBuildPhase section */

/* Begin PBXTargetDependency section */
		04BC354D22E84B77000DEFBD /* PBXTargetDependency */ = {
			isa = PBXTargetDependency;
			target = 04BC353222E84B75000DEFBD /* RealmDemo */;
			targetProxy = 04BC354C22E84B77000DEFBD /* PBXContainerItemProxy */;
		};
		04BC355822E84B77000DEFBD /* PBXTargetDependency */ = {
			isa = PBXTargetDependency;
			target = 04BC353222E84B75000DEFBD /* RealmDemo */;
			targetProxy = 04BC355722E84B77000DEFBD /* PBXContainerItemProxy */;
		};
/* End PBXTargetDependency section */

/* Begin PBXVariantGroup section */
		04BC353C22E84B75000DEFBD /* Main.storyboard */ = {
			isa = PBXVariantGroup;
			children = (
				04BC353D22E84B75000DEFBD /* Base */,
			);
			name = Main.storyboard;
			sourceTree = "<group>";
		};
		04BC354122E84B77000DEFBD /* LaunchScreen.storyboard */ = {
			isa = PBXVariantGroup;
			children = (
				04BC354222E84B77000DEFBD /* Base */,
			);
			name = LaunchScreen.storyboard;
			sourceTree = "<group>";
		};
/* End PBXVariantGroup section */

/* Begin XCBuildConfiguration section */
		04BC355D22E84B77000DEFBD /* Debug */ = {
			isa = XCBuildConfiguration;
			buildSettings = {
				ALWAYS_SEARCH_USER_PATHS = NO;
				CLANG_ANALYZER_NONNULL = YES;
				CLANG_ANALYZER_NUMBER_OBJECT_CONVERSION = YES_AGGRESSIVE;
				CLANG_CXX_LANGUAGE_STANDARD = "gnu++14";
				CLANG_CXX_LIBRARY = "libc++";
				CLANG_ENABLE_MODULES = YES;
				CLANG_ENABLE_OBJC_ARC = YES;
				CLANG_ENABLE_OBJC_WEAK = YES;
				CLANG_WARN_BLOCK_CAPTURE_AUTORELEASING = YES;
				CLANG_WARN_BOOL_CONVERSION = YES;
				CLANG_WARN_COMMA = YES;
				CLANG_WARN_CONSTANT_CONVERSION = YES;
				CLANG_WARN_DEPRECATED_OBJC_IMPLEMENTATIONS = YES;
				CLANG_WARN_DIRECT_OBJC_ISA_USAGE = YES_ERROR;
				CLANG_WARN_DOCUMENTATION_COMMENTS = YES;
				CLANG_WARN_EMPTY_BODY = YES;
				CLANG_WARN_ENUM_CONVERSION = YES;
				CLANG_WARN_INFINITE_RECURSION = YES;
				CLANG_WARN_INT_CONVERSION = YES;
				CLANG_WARN_NON_LITERAL_NULL_CONVERSION = YES;
				CLANG_WARN_OBJC_IMPLICIT_RETAIN_SELF = YES;
				CLANG_WARN_OBJC_LITERAL_CONVERSION = YES;
				CLANG_WARN_OBJC_ROOT_CLASS = YES_ERROR;
				CLANG_WARN_RANGE_LOOP_ANALYSIS = YES;
				CLANG_WARN_STRICT_PROTOTYPES = YES;
				CLANG_WARN_SUSPICIOUS_MOVE = YES;
				CLANG_WARN_UNGUARDED_AVAILABILITY = YES_AGGRESSIVE;
				CLANG_WARN_UNREACHABLE_CODE = YES;
				CLANG_WARN__DUPLICATE_METHOD_MATCH = YES;
				CODE_SIGN_IDENTITY = "iPhone Developer";
				COPY_PHASE_STRIP = NO;
				DEBUG_INFORMATION_FORMAT = dwarf;
				ENABLE_STRICT_OBJC_MSGSEND = YES;
				ENABLE_TESTABILITY = YES;
				GCC_C_LANGUAGE_STANDARD = gnu11;
				GCC_DYNAMIC_NO_PIC = NO;
				GCC_NO_COMMON_BLOCKS = YES;
				GCC_OPTIMIZATION_LEVEL = 0;
				GCC_PREPROCESSOR_DEFINITIONS = (
					"DEBUG=1",
					"$(inherited)",
				);
				GCC_WARN_64_TO_32_BIT_CONVERSION = YES;
				GCC_WARN_ABOUT_RETURN_TYPE = YES_ERROR;
				GCC_WARN_UNDECLARED_SELECTOR = YES;
				GCC_WARN_UNINITIALIZED_AUTOS = YES_AGGRESSIVE;
				GCC_WARN_UNUSED_FUNCTION = YES;
				GCC_WARN_UNUSED_VARIABLE = YES;
				IPHONEOS_DEPLOYMENT_TARGET = 12.2;
				MTL_ENABLE_DEBUG_INFO = INCLUDE_SOURCE;
				MTL_FAST_MATH = YES;
				ONLY_ACTIVE_ARCH = YES;
				SDKROOT = iphoneos;
			};
			name = Debug;
		};
		04BC355E22E84B77000DEFBD /* Release */ = {
			isa = XCBuildConfiguration;
			buildSettings = {
				ALWAYS_SEARCH_USER_PATHS = NO;
				CLANG_ANALYZER_NONNULL = YES;
				CLANG_ANALYZER_NUMBER_OBJECT_CONVERSION = YES_AGGRESSIVE;
				CLANG_CXX_LANGUAGE_STANDARD = "gnu++14";
				CLANG_CXX_LIBRARY = "libc++";
				CLANG_ENABLE_MODULES = YES;
				CLANG_ENABLE_OBJC_ARC = YES;
				CLANG_ENABLE_OBJC_WEAK = YES;
				CLANG_WARN_BLOCK_CAPTURE_AUTORELEASING = YES;
				CLANG_WARN_BOOL_CONVERSION = YES;
				CLANG_WARN_COMMA = YES;
				CLANG_WARN_CONSTANT_CONVERSION = YES;
				CLANG_WARN_DEPRECATED_OBJC_IMPLEMENTATIONS = YES;
				CLANG_WARN_DIRECT_OBJC_ISA_USAGE = YES_ERROR;
				CLANG_WARN_DOCUMENTATION_COMMENTS = YES;
				CLANG_WARN_EMPTY_BODY = YES;
				CLANG_WARN_ENUM_CONVERSION = YES;
				CLANG_WARN_INFINITE_RECURSION = YES;
				CLANG_WARN_INT_CONVERSION = YES;
				CLANG_WARN_NON_LITERAL_NULL_CONVERSION = YES;
				CLANG_WARN_OBJC_IMPLICIT_RETAIN_SELF = YES;
				CLANG_WARN_OBJC_LITERAL_CONVERSION = YES;
				CLANG_WARN_OBJC_ROOT_CLASS = YES_ERROR;
				CLANG_WARN_RANGE_LOOP_ANALYSIS = YES;
				CLANG_WARN_STRICT_PROTOTYPES = YES;
				CLANG_WARN_SUSPICIOUS_MOVE = YES;
				CLANG_WARN_UNGUARDED_AVAILABILITY = YES_AGGRESSIVE;
				CLANG_WARN_UNREACHABLE_CODE = YES;
				CLANG_WARN__DUPLICATE_METHOD_MATCH = YES;
				CODE_SIGN_IDENTITY = "iPhone Developer";
				COPY_PHASE_STRIP = NO;
				DEBUG_INFORMATION_FORMAT = "dwarf-with-dsym";
				ENABLE_NS_ASSERTIONS = NO;
				ENABLE_STRICT_OBJC_MSGSEND = YES;
				GCC_C_LANGUAGE_STANDARD = gnu11;
				GCC_NO_COMMON_BLOCKS = YES;
				GCC_WARN_64_TO_32_BIT_CONVERSION = YES;
				GCC_WARN_ABOUT_RETURN_TYPE = YES_ERROR;
				GCC_WARN_UNDECLARED_SELECTOR = YES;
				GCC_WARN_UNINITIALIZED_AUTOS = YES_AGGRESSIVE;
				GCC_WARN_UNUSED_FUNCTION = YES;
				GCC_WARN_UNUSED_VARIABLE = YES;
				IPHONEOS_DEPLOYMENT_TARGET = 12.2;
				MTL_ENABLE_DEBUG_INFO = NO;
				MTL_FAST_MATH = YES;
				SDKROOT = iphoneos;
				VALIDATE_PRODUCT = YES;
			};
			name = Release;
		};
		04BC356022E84B77000DEFBD /* Debug */ = {
			isa = XCBuildConfiguration;
			baseConfigurationReference = 2DB8BD086DA84FEC4C8C44DB /* Pods-RealmDemo.debug.xcconfig */;
			buildSettings = {
				ASSETCATALOG_COMPILER_APPICON_NAME = AppIcon;
				CODE_SIGN_STYLE = Automatic;
				INFOPLIST_FILE = RealmDemo/Info.plist;
				LD_RUNPATH_SEARCH_PATHS = (
					"$(inherited)",
					"@executable_path/Frameworks",
				);
				PRODUCT_BUNDLE_IDENTIFIER = com.shuzi.game.RealmDemo;
				PRODUCT_NAME = "$(TARGET_NAME)";
				TARGETED_DEVICE_FAMILY = "1,2";
			};
			name = Debug;
		};
		04BC356122E84B77000DEFBD /* Release */ = {
			isa = XCBuildConfiguration;
			baseConfigurationReference = 55867099399296A2F55DE73F /* Pods-RealmDemo.release.xcconfig */;
			buildSettings = {
				ASSETCATALOG_COMPILER_APPICON_NAME = AppIcon;
				CODE_SIGN_STYLE = Automatic;
				INFOPLIST_FILE = RealmDemo/Info.plist;
				LD_RUNPATH_SEARCH_PATHS = (
					"$(inherited)",
					"@executable_path/Frameworks",
				);
				PRODUCT_BUNDLE_IDENTIFIER = com.shuzi.game.RealmDemo;
				PRODUCT_NAME = "$(TARGET_NAME)";
				TARGETED_DEVICE_FAMILY = "1,2";
			};
			name = Release;
		};
		04BC356322E84B77000DEFBD /* Debug */ = {
			isa = XCBuildConfiguration;
			buildSettings = {
				BUNDLE_LOADER = "$(TEST_HOST)";
				CODE_SIGN_STYLE = Automatic;
				INFOPLIST_FILE = RealmDemoTests/Info.plist;
				LD_RUNPATH_SEARCH_PATHS = (
					"$(inherited)",
					"@executable_path/Frameworks",
					"@loader_path/Frameworks",
				);
				PRODUCT_BUNDLE_IDENTIFIER = com.shuzi.game.RealmDemoTests;
				PRODUCT_NAME = "$(TARGET_NAME)";
				TARGETED_DEVICE_FAMILY = "1,2";
				TEST_HOST = "$(BUILT_PRODUCTS_DIR)/RealmDemo.app/RealmDemo";
			};
			name = Debug;
		};
		04BC356422E84B77000DEFBD /* Release */ = {
			isa = XCBuildConfiguration;
			buildSettings = {
				BUNDLE_LOADER = "$(TEST_HOST)";
				CODE_SIGN_STYLE = Automatic;
				INFOPLIST_FILE = RealmDemoTests/Info.plist;
				LD_RUNPATH_SEARCH_PATHS = (
					"$(inherited)",
					"@executable_path/Frameworks",
					"@loader_path/Frameworks",
				);
				PRODUCT_BUNDLE_IDENTIFIER = com.shuzi.game.RealmDemoTests;
				PRODUCT_NAME = "$(TARGET_NAME)";
				TARGETED_DEVICE_FAMILY = "1,2";
				TEST_HOST = "$(BUILT_PRODUCTS_DIR)/RealmDemo.app/RealmDemo";
			};
			name = Release;
		};
		04BC356622E84B77000DEFBD /* Debug */ = {
			isa = XCBuildConfiguration;
			buildSettings = {
				CODE_SIGN_STYLE = Automatic;
				INFOPLIST_FILE = RealmDemoUITests/Info.plist;
				LD_RUNPATH_SEARCH_PATHS = (
					"$(inherited)",
					"@executable_path/Frameworks",
					"@loader_path/Frameworks",
				);
				PRODUCT_BUNDLE_IDENTIFIER = com.shuzi.game.RealmDemoUITests;
				PRODUCT_NAME = "$(TARGET_NAME)";
				TARGETED_DEVICE_FAMILY = "1,2";
				TEST_TARGET_NAME = RealmDemo;
			};
			name = Debug;
		};
		04BC356722E84B77000DEFBD /* Release */ = {
			isa = XCBuildConfiguration;
			buildSettings = {
				CODE_SIGN_STYLE = Automatic;
				INFOPLIST_FILE = RealmDemoUITests/Info.plist;
				LD_RUNPATH_SEARCH_PATHS = (
					"$(inherited)",
					"@executable_path/Frameworks",
					"@loader_path/Frameworks",
				);
				PRODUCT_BUNDLE_IDENTIFIER = com.shuzi.game.RealmDemoUITests;
				PRODUCT_NAME = "$(TARGET_NAME)";
				TARGETED_DEVICE_FAMILY = "1,2";
				TEST_TARGET_NAME = RealmDemo;
			};
			name = Release;
		};
/* End XCBuildConfiguration section */

/* Begin XCConfigurationList section */
		04BC352E22E84B75000DEFBD /* Build configuration list for PBXProject "RealmDemo" */ = {
			isa = XCConfigurationList;
			buildConfigurations = (
				04BC355D22E84B77000DEFBD /* Debug */,
				04BC355E22E84B77000DEFBD /* Release */,
			);
			defaultConfigurationIsVisible = 0;
			defaultConfigurationName = Release;
		};
		04BC355F22E84B77000DEFBD /* Build configuration list for PBXNativeTarget "RealmDemo" */ = {
			isa = XCConfigurationList;
			buildConfigurations = (
				04BC356022E84B77000DEFBD /* Debug */,
				04BC356122E84B77000DEFBD /* Release */,
			);
			defaultConfigurationIsVisible = 0;
			defaultConfigurationName = Release;
		};
		04BC356222E84B77000DEFBD /* Build configuration list for PBXNativeTarget "RealmDemoTests" */ = {
			isa = XCConfigurationList;
			buildConfigurations = (
				04BC356322E84B77000DEFBD /* Debug */,
				04BC356422E84B77000DEFBD /* Release */,
			);
			defaultConfigurationIsVisible = 0;
			defaultConfigurationName = Release;
		};
		04BC356522E84B77000DEFBD /* Build configuration list for PBXNativeTarget "RealmDemoUITests" */ = {
			isa = XCConfigurationList;
			buildConfigurations = (
				04BC356622E84B77000DEFBD /* Debug */,
				04BC356722E84B77000DEFBD /* Release */,
			);
			defaultConfigurationIsVisible = 0;
			defaultConfigurationName = Release;
		};
/* End XCConfigurationList section */
	};
	rootObject = 04BC352B22E84B75000DEFBD /* Project object */;
}
